
Microsoft Visual Studio Solution File, Format Version 12.00
# Visual Studio 15
VisualStudioVersion = 15.0.26403.7
MinimumVisualStudioVersion = 10.0.40219.1
Project("{D954291E-2A0B-460D-934E-DC6B0785DB48}") = "XApp", "XApp\XApp\XApp.shproj", "{8F64B350-4687-43F3-BFA4-66582F689CF6}"
EndProject
Project("{FAE04EC0-301F-11D3-BF4B-00C04F79EFBC}") = "XApp.Android", "XApp\XApp.Android\XApp.Android.csproj", "{176BD04C-46D2-40D5-A979-4C7650249BBC}"
EndProject
Project("{FAE04EC0-301F-11D3-BF4B-00C04F79EFBC}") = "XApp.UWP", "XApp\XApp.UWP\XApp.UWP.csproj", "{096F94B3-3D08-45A9-BD2C-83B045C0F80B}"
EndProject
Global
	GlobalSection(SharedMSBuildProjectFiles) = preSolution
		XApp\XApp\XApp.projitems*{096f94b3-3d08-45a9-bd2c-83b045c0f80b}*SharedItemsImports = 4
		XApp\XApp\XApp.projitems*{176bd04c-46d2-40d5-a979-4c7650249bbc}*SharedItemsImports = 4
		XApp\XApp\XApp.projitems*{8f64b350-4687-43f3-bfa4-66582f689cf6}*SharedItemsImports = 13
	EndGlobalSection
	GlobalSection(SolutionConfigurationPlatforms) = preSolution
		Ad-Hoc|Any CPU = Ad-Hoc|Any CPU
		Ad-Hoc|ARM = Ad-Hoc|ARM
		Ad-Hoc|iPhone = Ad-Hoc|iPhone
		Ad-Hoc|iPhoneSimulator = Ad-Hoc|iPhoneSimulator
		Ad-Hoc|x64 = Ad-Hoc|x64
		Ad-Hoc|x86 = Ad-Hoc|x86
		AppStore|Any CPU = AppStore|Any CPU
		AppStore|ARM = AppStore|ARM
		AppStore|iPhone = AppStore|iPhone
		AppStore|iPhoneSimulator = AppStore|iPhoneSimulator
		AppStore|x64 = AppStore|x64
		AppStore|x86 = AppStore|x86
		Debug|Any CPU = Debug|Any CPU
		Debug|ARM = Debug|ARM
		Debug|iPhone = Debug|iPhone
		Debug|iPhoneSimulator = Debug|iPhoneSimulator
		Debug|x64 = Debug|x64
		Debug|x86 = Debug|x86
		Release|Any CPU = Release|Any CPU
		Release|ARM = Release|ARM
		Release|iPhone = Release|iPhone
		Release|iPhoneSimulator = Release|iPhoneSimulator
		Release|x64 = Release|x64
		Release|x86 = Release|x86
	EndGlobalSection
	GlobalSection(ProjectConfigurationPlatforms) = postSolution
		{176BD04C-46D2-40D5-A979-4C7650249BBC}.Ad-Hoc|Any CPU.ActiveCfg = Release|Any CPU
		{176BD04C-46D2-40D5-A979-4C7650249BBC}.Ad-Hoc|Any CPU.Build.0 = Release|Any CPU
		{176BD04C-46D2-40D5-A979-4C7650249BBC}.Ad-Hoc|Any CPU.Deploy.0 = Release|Any CPU
		{176BD04C-46D2-40D5-A979-4C7650249BBC}.Ad-Hoc|ARM.ActiveCfg = Release|Any CPU
		{176BD04C-46D2-40D5-A979-4C7650249BBC}.Ad-Hoc|ARM.Build.0 = Release|Any CPU
		{176BD04C-46D2-40D5-A979-4C7650249BBC}.Ad-Hoc|ARM.Deploy.0 = Release|Any CPU
		{176BD04C-46D2-40D5-A979-4C7650249BBC}.Ad-Hoc|iPhone.ActiveCfg = Release|Any CPU
		{176BD04C-46D2-40D5-A979-4C7650249BBC}.Ad-Hoc|iPhone.Build.0 = Release|Any CPU
		{176BD04C-46D2-40D5-A979-4C7650249BBC}.Ad-Hoc|iPhone.Deploy.0 = Release|Any CPU
		{176BD04C-46D2-40D5-A979-4C7650249BBC}.Ad-Hoc|iPhoneSimulator.ActiveCfg = Release|Any CPU
		{176BD04C-46D2-40D5-A979-4C7650249BBC}.Ad-Hoc|iPhoneSimulator.Build.0 = Release|Any CPU
		{176BD04C-46D2-40D5-A979-4C7650249BBC}.Ad-Hoc|iPhoneSimulator.Deploy.0 = Release|Any CPU
		{176BD04C-46D2-40D5-A979-4C7650249BBC}.Ad-Hoc|x64.ActiveCfg = Release|Any CPU
		{176BD04C-46D2-40D5-A979-4C7650249BBC}.Ad-Hoc|x64.Build.0 = Release|Any CPU
		{176BD04C-46D2-40D5-A979-4C7650249BBC}.Ad-Hoc|x64.Deploy.0 = Release|Any CPU
		{176BD04C-46D2-40D5-A979-4C7650249BBC}.Ad-Hoc|x86.ActiveCfg = Release|Any CPU
		{176BD04C-46D2-40D5-A979-4C7650249BBC}.Ad-Hoc|x86.Build.0 = Release|Any CPU
		{176BD04C-46D2-40D5-A979-4C7650249BBC}.Ad-Hoc|x86.Deploy.0 = Release|Any CPU
		{176BD04C-46D2-40D5-A979-4C7650249BBC}.AppStore|Any CPU.ActiveCfg = Release|Any CPU
		{176BD04C-46D2-40D5-A979-4C7650249BBC}.AppStore|Any CPU.Build.0 = Release|Any CPU
		{176BD04C-46D2-40D5-A979-4C7650249BBC}.AppStore|Any CPU.Deploy.0 = Release|Any CPU
		{176BD04C-46D2-40D5-A979-4C7650249BBC}.AppStore|ARM.ActiveCfg = Release|Any CPU
		{176BD04C-46D2-40D5-A979-4C7650249BBC}.AppStore|ARM.Build.0 = Release|Any CPU
		{176BD04C-46D2-40D5-A979-4C7650249BBC}.AppStore|ARM.Deploy.0 = Release|Any CPU
		{176BD04C-46D2-40D5-A979-4C7650249BBC}.AppStore|iPhone.ActiveCfg = Release|Any CPU
		{176BD04C-46D2-40D5-A979-4C7650249BBC}.AppStore|iPhone.Build.0 = Release|Any CPU
		{176BD04C-46D2-40D5-A979-4C7650249BBC}.AppStore|iPhone.Deploy.0 = Release|Any CPU
		{176BD04C-46D2-40D5-A979-4C7650249BBC}.AppStore|iPhoneSimulator.ActiveCfg = Release|Any CPU
		{176BD04C-46D2-40D5-A979-4C7650249BBC}.AppStore|iPhoneSimulator.Build.0 = Release|Any CPU
		{176BD04C-46D2-40D5-A979-4C7650249BBC}.AppStore|iPhoneSimulator.Deploy.0 = Release|Any CPU
		{176BD04C-46D2-40D5-A979-4C7650249BBC}.AppStore|x64.ActiveCfg = Release|Any CPU
		{176BD04C-46D2-40D5-A979-4C7650249BBC}.AppStore|x64.Build.0 = Release|Any CPU
		{176BD04C-46D2-40D5-A979-4C7650249BBC}.AppStore|x64.Deploy.0 = Release|Any CPU
		{176BD04C-46D2-40D5-A979-4C7650249BBC}.AppStore|x86.ActiveCfg = Release|Any CPU
		{176BD04C-46D2-40D5-A979-4C7650249BBC}.AppStore|x86.Build.0 = Release|Any CPU
		{176BD04C-46D2-40D5-A979-4C7650249BBC}.AppStore|x86.Deploy.0 = Release|Any CPU
		{176BD04C-46D2-40D5-A979-4C7650249BBC}.Debug|Any CPU.ActiveCfg = Debug|Any CPU
		{176BD04C-46D2-40D5-A979-4C7650249BBC}.Debug|Any CPU.Build.0 = Debug|Any CPU
		{176BD04C-46D2-40D5-A979-4C7650249BBC}.Debug|Any CPU.Deploy.0 = Debug|Any CPU
		{176BD04C-46D2-40D5-A979-4C7650249BBC}.Debug|ARM.ActiveCfg = Debug|Any CPU
		{176BD04C-46D2-40D5-A979-4C7650249BBC}.Debug|ARM.Build.0 = Debug|Any CPU
		{176BD04C-46D2-40D5-A979-4C7650249BBC}.Debug|ARM.Deploy.0 = Debug|Any CPU
		{176BD04C-46D2-40D5-A979-4C7650249BBC}.Debug|iPhone.ActiveCfg = Debug|Any CPU
		{176BD04C-46D2-40D5-A979-4C7650249BBC}.Debug|iPhone.Build.0 = Debug|Any CPU
		{176BD04C-46D2-40D5-A979-4C7650249BBC}.Debug|iPhone.Deploy.0 = Debug|Any CPU
		{176BD04C-46D2-40D5-A979-4C7650249BBC}.Debug|iPhoneSimulator.ActiveCfg = Debug|Any CPU
		{176BD04C-46D2-40D5-A979-4C7650249BBC}.Debug|iPhoneSimulator.Build.0 = Debug|Any CPU
		{176BD04C-46D2-40D5-A979-4C7650249BBC}.Debug|iPhoneSimulator.Deploy.0 = Debug|Any CPU
		{176BD04C-46D2-40D5-A979-4C7650249BBC}.Debug|x64.ActiveCfg = Debug|Any CPU
		{176BD04C-46D2-40D5-A979-4C7650249BBC}.Debug|x64.Build.0 = Debug|Any CPU
		{176BD04C-46D2-40D5-A979-4C7650249BBC}.Debug|x64.Deploy.0 = Debug|Any CPU
		{176BD04C-46D2-40D5-A979-4C7650249BBC}.Debug|x86.ActiveCfg = Debug|Any CPU
		{176BD04C-46D2-40D5-A979-4C7650249BBC}.Debug|x86.Build.0 = Debug|Any CPU
		{176BD04C-46D2-40D5-A979-4C7650249BBC}.Debug|x86.Deploy.0 = Debug|Any CPU
		{176BD04C-46D2-40D5-A979-4C7650249BBC}.Release|Any CPU.ActiveCfg = Release|Any CPU
		{176BD04C-46D2-40D5-A979-4C7650249BBC}.Release|Any CPU.Build.0 = Release|Any CPU
		{176BD04C-46D2-40D5-A979-4C7650249BBC}.Release|Any CPU.Deploy.0 = Release|Any CPU
		{176BD04C-46D2-40D5-A979-4C7650249BBC}.Release|ARM.ActiveCfg = Release|Any CPU
		{176BD04C-46D2-40D5-A979-4C7650249BBC}.Release|ARM.Build.0 = Release|Any CPU
		{176BD04C-46D2-40D5-A979-4C7650249BBC}.Release|ARM.Deploy.0 = Release|Any CPU
		{176BD04C-46D2-40D5-A979-4C7650249BBC}.Release|iPhone.ActiveCfg = Release|Any CPU
		{176BD04C-46D2-40D5-A979-4C7650249BBC}.Release|iPhone.Build.0 = Release|Any CPU
		{176BD04C-46D2-40D5-A979-4C7650249BBC}.Release|iPhone.Deploy.0 = Release|Any CPU
		{176BD04C-46D2-40D5-A979-4C7650249BBC}.Release|iPhoneSimulator.ActiveCfg = Release|Any CPU
		{176BD04C-46D2-40D5-A979-4C7650249BBC}.Release|iPhoneSimulator.Build.0 = Release|Any CPU
		{176BD04C-46D2-40D5-A979-4C7650249BBC}.Release|iPhoneSimulator.Deploy.0 = Release|Any CPU
		{176BD04C-46D2-40D5-A979-4C7650249BBC}.Release|x64.ActiveCfg = Release|Any CPU
		{176BD04C-46D2-40D5-A979-4C7650249BBC}.Release|x64.Build.0 = Release|Any CPU
		{176BD04C-46D2-40D5-A979-4C7650249BBC}.Release|x64.Deploy.0 = Release|Any CPU
		{176BD04C-46D2-40D5-A979-4C7650249BBC}.Release|x86.ActiveCfg = Release|Any CPU
		{176BD04C-46D2-40D5-A979-4C7650249BBC}.Release|x86.Build.0 = Release|Any CPU
		{176BD04C-46D2-40D5-A979-4C7650249BBC}.Release|x86.Deploy.0 = Release|Any CPU
		{096F94B3-3D08-45A9-BD2C-83B045C0F80B}.Ad-Hoc|Any CPU.ActiveCfg = Release|x86
		{096F94B3-3D08-45A9-BD2C-83B045C0F80B}.Ad-Hoc|Any CPU.Build.0 = Release|x86
		{096F94B3-3D08-45A9-BD2C-83B045C0F80B}.Ad-Hoc|Any CPU.Deploy.0 = Release|x86
		{096F94B3-3D08-45A9-BD2C-83B045C0F80B}.Ad-Hoc|ARM.ActiveCfg = Release|ARM
		{096F94B3-3D08-45A9-BD2C-83B045C0F80B}.Ad-Hoc|ARM.Build.0 = Release|ARM
		{096F94B3-3D08-45A9-BD2C-83B045C0F80B}.Ad-Hoc|ARM.Deploy.0 = Release|ARM
		{096F94B3-3D08-45A9-BD2C-83B045C0F80B}.Ad-Hoc|iPhone.ActiveCfg = Release|x86
		{096F94B3-3D08-45A9-BD2C-83B045C0F80B}.Ad-Hoc|iPhone.Build.0 = Release|x86
		{096F94B3-3D08-45A9-BD2C-83B045C0F80B}.Ad-Hoc|iPhone.Deploy.0 = Release|x86
		{096F94B3-3D08-45A9-BD2C-83B045C0F80B}.Ad-Hoc|iPhoneSimulator.ActiveCfg = Release|x86
		{096F94B3-3D08-45A9-BD2C-83B045C0F80B}.Ad-Hoc|iPhoneSimulator.Build.0 = Release|x86
		{096F94B3-3D08-45A9-BD2C-83B045C0F80B}.Ad-Hoc|iPhoneSimulator.Deploy.0 = Release|x86
		{096F94B3-3D08-45A9-BD2C-83B045C0F80B}.Ad-Hoc|x64.ActiveCfg = Release|x64
		{096F94B3-3D08-45A9-BD2C-83B045C0F80B}.Ad-Hoc|x64.Build.0 = Release|x64
		{096F94B3-3D08-45A9-BD2C-83B045C0F80B}.Ad-Hoc|x64.Deploy.0 = Release|x64
		{096F94B3-3D08-45A9-BD2C-83B045C0F80B}.Ad-Hoc|x86.ActiveCfg = Release|x86
		{096F94B3-3D08-45A9-BD2C-83B045C0F80B}.Ad-Hoc|x86.Build.0 = Release|x86
		{096F94B3-3D08-45A9-BD2C-83B045C0F80B}.Ad-Hoc|x86.Deploy.0 = Release|x86
		{096F94B3-3D08-45A9-BD2C-83B045C0F80B}.AppStore|Any CPU.ActiveCfg = Release|x86
		{096F94B3-3D08-45A9-BD2C-83B045C0F80B}.AppStore|Any CPU.Build.0 = Release|x86
		{096F94B3-3D08-45A9-BD2C-83B045C0F80B}.AppStore|Any CPU.Deploy.0 = Release|x86
		{096F94B3-3D08-45A9-BD2C-83B045C0F80B}.AppStore|ARM.ActiveCfg = Release|ARM
		{096F94B3-3D08-45A9-BD2C-83B045C0F80B}.AppStore|ARM.Build.0 = Release|ARM
		{096F94B3-3D08-45A9-BD2C-83B045C0F80B}.AppStore|ARM.Deploy.0 = Release|ARM
		{096F94B3-3D08-45A9-BD2C-83B045C0F80B}.AppStore|iPhone.ActiveCfg = Release|x86
		{096F94B3-3D08-45A9-BD2C-83B045C0F80B}.AppStore|iPhone.Build.0 = Release|x86
		{096F94B3-3D08-45A9-BD2C-83B045C0F80B}.AppStore|iPhone.Deploy.0 = Release|x86
		{096F94B3-3D08-45A9-BD2C-83B045C0F80B}.AppStore|iPhoneSimulator.ActiveCfg = Release|x86
		{096F94B3-3D08-45A9-BD2C-83B045C0F80B}.AppStore|iPhoneSimulator.Build.0 = Release|x86
		{096F94B3-3D08-45A9-BD2C-83B045C0F80B}.AppStore|iPhoneSimulator.Deploy.0 = Release|x86
		{096F94B3-3D08-45A9-BD2C-83B045C0F80B}.AppStore|x64.ActiveCfg = Release|x64
		{096F94B3-3D08-45A9-BD2C-83B045C0F80B}.AppStore|x64.Build.0 = Release|x64
		{096F94B3-3D08-45A9-BD2C-83B045C0F80B}.AppStore|x64.Deploy.0 = Release|x64
		{096F94B3-3D08-45A9-BD2C-83B045C0F80B}.AppStore|x86.ActiveCfg = Release|x86
		{096F94B3-3D08-45A9-BD2C-83B045C0F80B}.AppStore|x86.Build.0 = Release|x86
		{096F94B3-3D08-45A9-BD2C-83B045C0F80B}.AppStore|x86.Deploy.0 = Release|x86
		{096F94B3-3D08-45A9-BD2C-83B045C0F80B}.Debug|Any CPU.ActiveCfg = Debug|x86
		{096F94B3-3D08-45A9-BD2C-83B045C0F80B}.Debug|ARM.ActiveCfg = Debug|ARM
		{096F94B3-3D08-45A9-BD2C-83B045C0F80B}.Debug|ARM.Build.0 = Debug|ARM
		{096F94B3-3D08-45A9-BD2C-83B045C0F80B}.Debug|ARM.Deploy.0 = Debug|ARM
		{096F94B3-3D08-45A9-BD2C-83B045C0F80B}.Debug|iPhone.ActiveCfg = Debug|x86
		{096F94B3-3D08-45A9-BD2C-83B045C0F80B}.Debug|iPhoneSimulator.ActiveCfg = Debug|x86
		{096F94B3-3D08-45A9-BD2C-83B045C0F80B}.Debug|x64.ActiveCfg = Debug|x64
		{096F94B3-3D08-45A9-BD2C-83B045C0F80B}.Debug|x64.Build.0 = Debug|x64
		{096F94B3-3D08-45A9-BD2C-83B045C0F80B}.Debug|x64.Deploy.0 = Debug|x64
		{096F94B3-3D08-45A9-BD2C-83B045C0F80B}.Debug|x86.ActiveCfg = Debug|x86
		{096F94B3-3D08-45A9-BD2C-83B045C0F80B}.Debug|x86.Build.0 = Debug|x86
		{096F94B3-3D08-45A9-BD2C-83B045C0F80B}.Debug|x86.Deploy.0 = Debug|x86
		{096F94B3-3D08-45A9-BD2C-83B045C0F80B}.Release|Any CPU.ActiveCfg = Release|x86
		{096F94B3-3D08-45A9-BD2C-83B045C0F80B}.Release|ARM.ActiveCfg = Release|ARM
		{096F94B3-3D08-45A9-BD2C-83B045C0F80B}.Release|ARM.Build.0 = Release|ARM
		{096F94B3-3D08-45A9-BD2C-83B045C0F80B}.Release|ARM.Deploy.0 = Release|ARM
		{096F94B3-3D08-45A9-BD2C-83B045C0F80B}.Release|iPhone.ActiveCfg = Release|x86
		{096F94B3-3D08-45A9-BD2C-83B045C0F80B}.Release|iPhoneSimulator.ActiveCfg = Release|x86
		{096F94B3-3D08-45A9-BD2C-83B045C0F80B}.Release|x64.ActiveCfg = Release|x64
		{096F94B3-3D08-45A9-BD2C-83B045C0F80B}.Release|x64.Build.0 = Release|x64
		{096F94B3-3D08-45A9-BD2C-83B045C0F80B}.Release|x64.Deploy.0 = Release|x64
		{096F94B3-3D08-45A9-BD2C-83B045C0F80B}.Release|x86.ActiveCfg = Release|x86
		{096F94B3-3D08-45A9-BD2C-83B045C0F80B}.Release|x86.Build.0 = Release|x86
		{096F94B3-3D08-45A9-BD2C-83B045C0F80B}.Release|x86.Deploy.0 = Release|x86
	EndGlobalSection
	GlobalSection(SolutionProperties) = preSolution
		HideSolutionNode = FALSE
	EndGlobalSection
EndGlobal
